
Microsoft Visual Studio Solution File, Format Version 12.00
# Visual Studio Version 17
VisualStudioVersion = 17.0.31912.275
MinimumVisualStudioVersion = 10.0.40219.1
Project("{9A19103F-16F7-4668-BE54-9A1E7A4F7556}") = "MemoProfessionalErrorTest", "MemoProfessionalErrorTest\MemoProfessionalErrorTest.csproj", "{FFAF7093-9444-4813-BA44-3AF66ADA0612}"
EndProject
Global
	GlobalSection(SolutionConfigurationPlatforms) = preSolution
		Debug|Any CPU = Debug|Any CPU
		Release|Any CPU = Release|Any CPU
	EndGlobalSection
	GlobalSection(ProjectConfigurationPlatforms) = postSolution
		{FFAF7093-9444-4813-BA44-3AF66ADA0612}.Debug|Any CPU.ActiveCfg = Debug|Any CPU
		{FFAF7093-9444-4813-BA44-3AF66ADA0612}.Debug|Any CPU.Build.0 = Debug|Any CPU
		{FFAF7093-9444-4813-BA44-3AF66ADA0612}.Release|Any CPU.ActiveCfg = Release|Any CPU
		{FFAF7093-9444-4813-BA44-3AF66ADA0612}.Release|Any CPU.Build.0 = Release|Any CPU
	EndGlobalSection
	GlobalSection(SolutionProperties) = preSolution
		HideSolutionNode = FALSE
	EndGlobalSection
	GlobalSection(ExtensibilityGlobals) = postSolution
		SolutionGuid = {CC359A57-F248-4C80-9EF4-4C218FFE9E6A}
	EndGlobalSection
EndGlobal
